
Microsoft Visual Studio Solution File, Format Version 12.00
# Visual Studio 15
VisualStudioVersion = 15.0.26228.9
MinimumVisualStudioVersion = 10.0.40219.1
Project("{FAE04EC0-301F-11D3-BF4B-00C04F79EFBC}") = "Pact-Net-Core", "Pact-Net-Core\Pact-Net-Core.csproj", "{5BA34D41-2134-4560-ACFA-EBA408EA23B2}"
EndProject
Project("{FAE04EC0-301F-11D3-BF4B-00C04F79EFBC}") = "PactNetCore.Tests", "PactNetCore.Tests\PactNetCore.Tests.csproj", "{B977CB51-64DE-44A7-8A4B-030292E266E2}"
EndProject
Project("{FAE04EC0-301F-11D3-BF4B-00C04F79EFBC}") = "Consumer", "Samples\EventApi\Consumer\Consumer.csproj", "{FA8E5C94-9960-465E-81DC-C8CEA915569D}"
EndProject
Project("{2150E333-8FDC-42A3-9474-1A3956D46DE8}") = "Samples", "Samples", "{4BF6BD5B-7AD4-400E-9325-46DD43348421}"
EndProject
Project("{FAE04EC0-301F-11D3-BF4B-00C04F79EFBC}") = "Consumer.Tests", "Samples\EventApi\Consumer.Tests\Consumer.Tests.csproj", "{F121A7CB-92A2-4061-A0A0-405A5AF4B4E4}"
EndProject
Project("{FAE04EC0-301F-11D3-BF4B-00C04F79EFBC}") = "Provider.Api.Web", "Samples\EventApi\Provider.Api.Web\Provider.Api.Web.csproj", "{6155D341-B189-4069-AC9C-54148A030890}"
EndProject
Project("{FAE04EC0-301F-11D3-BF4B-00C04F79EFBC}") = "Provider.Api.Web.Tests", "Samples\EventApi\Provider.Api.Web.Tests\Provider.Api.Web.Tests.csproj", "{9DBE3103-1360-45AA-89A3-004CB7156519}"
EndProject
Global
	GlobalSection(SolutionConfigurationPlatforms) = preSolution
		Debug|Any CPU = Debug|Any CPU
		Release|Any CPU = Release|Any CPU
	EndGlobalSection
	GlobalSection(ProjectConfigurationPlatforms) = postSolution
		{5BA34D41-2134-4560-ACFA-EBA408EA23B2}.Debug|Any CPU.ActiveCfg = Debug|Any CPU
		{5BA34D41-2134-4560-ACFA-EBA408EA23B2}.Debug|Any CPU.Build.0 = Debug|Any CPU
		{5BA34D41-2134-4560-ACFA-EBA408EA23B2}.Release|Any CPU.ActiveCfg = Release|Any CPU
		{5BA34D41-2134-4560-ACFA-EBA408EA23B2}.Release|Any CPU.Build.0 = Release|Any CPU
		{B977CB51-64DE-44A7-8A4B-030292E266E2}.Debug|Any CPU.ActiveCfg = Debug|Any CPU
		{B977CB51-64DE-44A7-8A4B-030292E266E2}.Debug|Any CPU.Build.0 = Debug|Any CPU
		{B977CB51-64DE-44A7-8A4B-030292E266E2}.Release|Any CPU.ActiveCfg = Release|Any CPU
		{B977CB51-64DE-44A7-8A4B-030292E266E2}.Release|Any CPU.Build.0 = Release|Any CPU
		{FA8E5C94-9960-465E-81DC-C8CEA915569D}.Debug|Any CPU.ActiveCfg = Debug|Any CPU
		{FA8E5C94-9960-465E-81DC-C8CEA915569D}.Debug|Any CPU.Build.0 = Debug|Any CPU
		{FA8E5C94-9960-465E-81DC-C8CEA915569D}.Release|Any CPU.ActiveCfg = Release|Any CPU
		{FA8E5C94-9960-465E-81DC-C8CEA915569D}.Release|Any CPU.Build.0 = Release|Any CPU
		{F121A7CB-92A2-4061-A0A0-405A5AF4B4E4}.Debug|Any CPU.ActiveCfg = Debug|Any CPU
		{F121A7CB-92A2-4061-A0A0-405A5AF4B4E4}.Debug|Any CPU.Build.0 = Debug|Any CPU
		{F121A7CB-92A2-4061-A0A0-405A5AF4B4E4}.Release|Any CPU.ActiveCfg = Release|Any CPU
		{F121A7CB-92A2-4061-A0A0-405A5AF4B4E4}.Release|Any CPU.Build.0 = Release|Any CPU
		{6155D341-B189-4069-AC9C-54148A030890}.Debug|Any CPU.ActiveCfg = Debug|Any CPU
		{6155D341-B189-4069-AC9C-54148A030890}.Debug|Any CPU.Build.0 = Debug|Any CPU
		{6155D341-B189-4069-AC9C-54148A030890}.Release|Any CPU.ActiveCfg = Release|Any CPU
		{6155D341-B189-4069-AC9C-54148A030890}.Release|Any CPU.Build.0 = Release|Any CPU
		{9DBE3103-1360-45AA-89A3-004CB7156519}.Debug|Any CPU.ActiveCfg = Debug|Any CPU
		{9DBE3103-1360-45AA-89A3-004CB7156519}.Debug|Any CPU.Build.0 = Debug|Any CPU
		{9DBE3103-1360-45AA-89A3-004CB7156519}.Release|Any CPU.ActiveCfg = Release|Any CPU
		{9DBE3103-1360-45AA-89A3-004CB7156519}.Release|Any CPU.Build.0 = Release|Any CPU
	EndGlobalSection
	GlobalSection(SolutionProperties) = preSolution
		HideSolutionNode = FALSE
	EndGlobalSection
	GlobalSection(NestedProjects) = preSolution
		{FA8E5C94-9960-465E-81DC-C8CEA915569D} = {4BF6BD5B-7AD4-400E-9325-46DD43348421}
		{F121A7CB-92A2-4061-A0A0-405A5AF4B4E4} = {4BF6BD5B-7AD4-400E-9325-46DD43348421}
		{6155D341-B189-4069-AC9C-54148A030890} = {4BF6BD5B-7AD4-400E-9325-46DD43348421}
		{9DBE3103-1360-45AA-89A3-004CB7156519} = {4BF6BD5B-7AD4-400E-9325-46DD43348421}
	EndGlobalSection
EndGlobal
